{
  "name": "@devouringscripture/remark-tac",
  "version": "1.0.0",
  "lockfileVersion": 2,
  "requires": true,
  "packages": {
    "": {
      "name": "@devouringscripture/remark-tac",
      "version": "1.0.0",
      "license": "ISC",
      "dependencies": {
        "unified": "^10.1.0",
        "unist-util-visit": "^4.0.0"
      },
      "devDependencies": {
        "@types/unist": "^2.0.6",
        "rehype-stringify": "^9.0.1",
        "remark-parse": "^10.0.0",
        "remark-rehype": "^9.0.0",
        "typescript": "^4.5.4"
      }
    },
    "node_modules/@types/unist": {
      "version": "2.0.6",
      "resolved": "https://registry.npmjs.org/@types/unist/-/unist-2.0.6.tgz",
      "integrity": "sha512-PBjIUxZHOuj0R15/xuwJYjFi+KZdNFrehocChv4g5hu6aFroHue8m0lBP0POdK2nKzbw0cgV1mws8+V/JAcEkQ=="
    },
    "node_modules/is-plain-obj": {
      "version": "4.0.0",
      "license": "MIT",
      "engines": {
        "node": ">=12"
      },
      "funding": {
        "url": "https://github.com/sponsors/sindresorhus"
      }
    },
    "node_modules/rehype-stringify": {
      "version": "9.0.1",
      "dev": true,
      "license": "MIT",
      "dependencies": {
        "@types/hast": "^2.0.0",
        "hast-util-to-html": "^8.0.0",
        "unified": "^10.0.0"
      },
      "funding": {
        "type": "opencollective",
        "url": "https://opencollective.com/unified"
      }
    },
    "node_modules/remark-parse": {
      "version": "10.0.0",
      "dev": true,
      "license": "MIT",
      "dependencies": {
        "@types/mdast": "^3.0.0",
        "mdast-util-from-markdown": "^1.0.0",
        "unified": "^10.0.0"
      },
      "funding": {
        "type": "opencollective",
        "url": "https://opencollective.com/unified"
      }
    },
    "node_modules/remark-rehype": {
      "version": "9.0.0",
      "dev": true,
      "license": "MIT",
      "dependencies": {
        "@types/hast": "^2.0.0",
        "@types/mdast": "^3.0.0",
        "mdast-util-to-hast": "^11.0.0",
        "unified": "^10.0.0"
      },
      "funding": {
        "type": "opencollective",
        "url": "https://opencollective.com/unified"
      }
    },
    "node_modules/typescript": {
      "version": "4.7.3",
      "resolved": "https://registry.npmjs.org/typescript/-/typescript-4.7.3.tgz",
      "integrity": "sha512-WOkT3XYvrpXx4vMMqlD+8R8R37fZkjyLGlxavMc4iB8lrl8L0DeTcHbYgw/v0N/z9wAFsgBhcsF0ruoySS22mA==",
      "dev": true,
      "bin": {
        "tsc": "bin/tsc",
        "tsserver": "bin/tsserver"
      },
      "engines": {
        "node": ">=4.2.0"
      }
    },
    "node_modules/unified": {
      "version": "10.1.0",
      "license": "MIT",
      "dependencies": {
        "@types/unist": "^2.0.0",
        "bail": "^2.0.0",
        "extend": "^3.0.0",
        "is-buffer": "^2.0.0",
        "is-plain-obj": "^4.0.0",
        "trough": "^2.0.0",
        "vfile": "^5.0.0"
      },
      "funding": {
        "type": "opencollective",
        "url": "https://opencollective.com/unified"
      }
    },
    "node_modules/unist-util-visit": {
      "version": "4.1.0",
      "license": "MIT",
      "dependencies": {
        "@types/unist": "^2.0.0",
        "unist-util-is": "^5.0.0",
        "unist-util-visit-parents": "^5.0.0"
      },
      "funding": {
        "type": "opencollective",
        "url": "https://opencollective.com/unified"
      }
    },
    "node_modules/unist-util-visit-parents": {
      "version": "5.1.0",
      "license": "MIT",
      "dependencies": {
        "@types/unist": "^2.0.0",
        "unist-util-is": "^5.0.0"
      },
      "funding": {
        "type": "opencollective",
        "url": "https://opencollective.com/unified"
      }
    }
  },
  "dependencies": {
    "@types/unist": {
      "version": "2.0.6",
      "resolved": "https://registry.npmjs.org/@types/unist/-/unist-2.0.6.tgz",
      "integrity": "sha512-PBjIUxZHOuj0R15/xuwJYjFi+KZdNFrehocChv4g5hu6aFroHue8m0lBP0POdK2nKzbw0cgV1mws8+V/JAcEkQ=="
    },
    "is-plain-obj": {
      "version": "4.0.0"
    },
    "rehype-stringify": {
      "version": "9.0.1",
      "dev": true,
      "requires": {
        "@types/hast": "^2.0.0",
        "hast-util-to-html": "^8.0.0",
        "unified": "^10.0.0"
      }
    },
    "remark-parse": {
      "version": "10.0.0",
      "dev": true,
      "requires": {
        "@types/mdast": "^3.0.0",
        "mdast-util-from-markdown": "^1.0.0",
        "unified": "^10.0.0"
      }
    },
    "remark-rehype": {
      "version": "9.0.0",
      "dev": true,
      "requires": {
        "@types/hast": "^2.0.0",
        "@types/mdast": "^3.0.0",
        "mdast-util-to-hast": "^11.0.0",
        "unified": "^10.0.0"
      }
    },
    "typescript": {
      "version": "4.7.3",
      "resolved": "https://registry.npmjs.org/typescript/-/typescript-4.7.3.tgz",
      "integrity": "sha512-WOkT3XYvrpXx4vMMqlD+8R8R37fZkjyLGlxavMc4iB8lrl8L0DeTcHbYgw/v0N/z9wAFsgBhcsF0ruoySS22mA==",
      "dev": true
    },
    "unified": {
      "version": "10.1.0",
      "requires": {
        "@types/unist": "^2.0.0",
        "bail": "^2.0.0",
        "extend": "^3.0.0",
        "is-buffer": "^2.0.0",
        "is-plain-obj": "^4.0.0",
        "trough": "^2.0.0",
        "vfile": "^5.0.0"
      }
    },
    "unist-util-visit": {
      "version": "4.1.0",
      "requires": {
        "@types/unist": "^2.0.0",
        "unist-util-is": "^5.0.0",
        "unist-util-visit-parents": "^5.0.0"
      }
    },
    "unist-util-visit-parents": {
      "version": "5.1.0",
      "requires": {
        "@types/unist": "^2.0.0",
        "unist-util-is": "^5.0.0"
      }
    }
  }
}
